
Microsoft Visual Studio Solution File, Format Version 12.00
# Visual Studio Version 17
VisualStudioVersion = 17.7.34221.43
MinimumVisualStudioVersion = 10.0.40219.1
Project("{FAE04EC0-301F-11D3-BF4B-00C04F79EFBC}") = "TaskAPI", "TaskAPI\TaskAPI.csproj", "{0EDD7AA6-1536-4EAD-B66D-8F4864DF3D0B}"
EndProject
Global
	GlobalSection(SolutionConfigurationPlatforms) = preSolution
		Debug|Any CPU = Debug|Any CPU
		Release|Any CPU = Release|Any CPU
	EndGlobalSection
	GlobalSection(ProjectConfigurationPlatforms) = postSolution
		{0EDD7AA6-1536-4EAD-B66D-8F4864DF3D0B}.Debug|Any CPU.ActiveCfg = Debug|Any CPU
		{0EDD7AA6-1536-4EAD-B66D-8F4864DF3D0B}.Debug|Any CPU.Build.0 = Debug|Any CPU
		{0EDD7AA6-1536-4EAD-B66D-8F4864DF3D0B}.Release|Any CPU.ActiveCfg = Release|Any CPU
		{0EDD7AA6-1536-4EAD-B66D-8F4864DF3D0B}.Release|Any CPU.Build.0 = Release|Any CPU
	EndGlobalSection
	GlobalSection(SolutionProperties) = preSolution
		HideSolutionNode = FALSE
	EndGlobalSection
	GlobalSection(ExtensibilityGlobals) = postSolution
		SolutionGuid = {2352D9A9-B4F0-487C-8A00-13B2972B9730}
	EndGlobalSection
EndGlobal
